
Microsoft Visual Studio Solution File, Format Version 12.00
# Visual Studio 2013
VisualStudioVersion = 12.0.30501.0
MinimumVisualStudioVersion = 10.0.40219.1
Project("{8BC9CEB8-8B4A-11D0-8D11-00A0C91BC942}") = "StockAnalysis", "StockAnalysis\StockAnalysis.vcxproj", "{5C2D290B-3F8A-4731-AA7C-23628683F3A3}"
EndProject
Project("{FAE04EC0-301F-11D3-BF4B-00C04F79EFBC}") = "MergeData", "MergeData\MergeData.csproj", "{1DAEB749-A701-4FA7-A057-78E60679753E}"
EndProject
Project("{8BC9CEB8-8B4A-11D0-8D11-00A0C91BC942}") = "CheckMethod", "CheckMethod\CheckMethod.vcxproj", "{0B4ABA1F-EF83-429F-9588-B201CD19EDBF}"
EndProject
Global
	GlobalSection(SolutionConfigurationPlatforms) = preSolution
		Debug|Any CPU = Debug|Any CPU
		Debug|Mixed Platforms = Debug|Mixed Platforms
		Debug|Win32 = Debug|Win32
		Release|Any CPU = Release|Any CPU
		Release|Mixed Platforms = Release|Mixed Platforms
		Release|Win32 = Release|Win32
	EndGlobalSection
	GlobalSection(ProjectConfigurationPlatforms) = postSolution
		{5C2D290B-3F8A-4731-AA7C-23628683F3A3}.Debug|Any CPU.ActiveCfg = Debug|Win32
		{5C2D290B-3F8A-4731-AA7C-23628683F3A3}.Debug|Mixed Platforms.ActiveCfg = Debug|Win32
		{5C2D290B-3F8A-4731-AA7C-23628683F3A3}.Debug|Mixed Platforms.Build.0 = Debug|Win32
		{5C2D290B-3F8A-4731-AA7C-23628683F3A3}.Debug|Win32.ActiveCfg = Debug|Win32
		{5C2D290B-3F8A-4731-AA7C-23628683F3A3}.Debug|Win32.Build.0 = Debug|Win32
		{5C2D290B-3F8A-4731-AA7C-23628683F3A3}.Release|Any CPU.ActiveCfg = Release|Win32
		{5C2D290B-3F8A-4731-AA7C-23628683F3A3}.Release|Mixed Platforms.ActiveCfg = Release|Win32
		{5C2D290B-3F8A-4731-AA7C-23628683F3A3}.Release|Mixed Platforms.Build.0 = Release|Win32
		{5C2D290B-3F8A-4731-AA7C-23628683F3A3}.Release|Win32.ActiveCfg = Release|Win32
		{5C2D290B-3F8A-4731-AA7C-23628683F3A3}.Release|Win32.Build.0 = Release|Win32
		{1DAEB749-A701-4FA7-A057-78E60679753E}.Debug|Any CPU.ActiveCfg = Debug|Any CPU
		{1DAEB749-A701-4FA7-A057-78E60679753E}.Debug|Any CPU.Build.0 = Debug|Any CPU
		{1DAEB749-A701-4FA7-A057-78E60679753E}.Debug|Mixed Platforms.ActiveCfg = Debug|Any CPU
		{1DAEB749-A701-4FA7-A057-78E60679753E}.Debug|Mixed Platforms.Build.0 = Debug|Any CPU
		{1DAEB749-A701-4FA7-A057-78E60679753E}.Debug|Win32.ActiveCfg = Debug|Any CPU
		{1DAEB749-A701-4FA7-A057-78E60679753E}.Release|Any CPU.ActiveCfg = Release|Any CPU
		{1DAEB749-A701-4FA7-A057-78E60679753E}.Release|Any CPU.Build.0 = Release|Any CPU
		{1DAEB749-A701-4FA7-A057-78E60679753E}.Release|Mixed Platforms.ActiveCfg = Release|Any CPU
		{1DAEB749-A701-4FA7-A057-78E60679753E}.Release|Mixed Platforms.Build.0 = Release|Any CPU
		{1DAEB749-A701-4FA7-A057-78E60679753E}.Release|Win32.ActiveCfg = Release|Any CPU
		{0B4ABA1F-EF83-429F-9588-B201CD19EDBF}.Debug|Any CPU.ActiveCfg = Debug|Win32
		{0B4ABA1F-EF83-429F-9588-B201CD19EDBF}.Debug|Mixed Platforms.ActiveCfg = Debug|Win32
		{0B4ABA1F-EF83-429F-9588-B201CD19EDBF}.Debug|Mixed Platforms.Build.0 = Debug|Win32
		{0B4ABA1F-EF83-429F-9588-B201CD19EDBF}.Debug|Win32.ActiveCfg = Debug|Win32
		{0B4ABA1F-EF83-429F-9588-B201CD19EDBF}.Debug|Win32.Build.0 = Debug|Win32
		{0B4ABA1F-EF83-429F-9588-B201CD19EDBF}.Release|Any CPU.ActiveCfg = Release|Win32
		{0B4ABA1F-EF83-429F-9588-B201CD19EDBF}.Release|Mixed Platforms.ActiveCfg = Release|Win32
		{0B4ABA1F-EF83-429F-9588-B201CD19EDBF}.Release|Mixed Platforms.Build.0 = Release|Win32
		{0B4ABA1F-EF83-429F-9588-B201CD19EDBF}.Release|Win32.ActiveCfg = Release|Win32
		{0B4ABA1F-EF83-429F-9588-B201CD19EDBF}.Release|Win32.Build.0 = Release|Win32
	EndGlobalSection
	GlobalSection(SolutionProperties) = preSolution
		HideSolutionNode = FALSE
	EndGlobalSection
EndGlobal
